// !$*UTF8*$!
{
	archiveVersion = 1;
	classes = {
	};
	objectVersion = 50;
	objects = {

/* Begin PBXBuildFile section */
		43A7E3A2228BD82D00725320 /* AppDelegate.swift in Sources */ = {isa = PBXBuildFile; fileRef = 43A7E3A1228BD82D00725320 /* AppDelegate.swift */; };
		43A7E3A7228BD82D00725320 /* Main.storyboard in Resources */ = {isa = PBXBuildFile; fileRef = 43A7E3A5228BD82D00725320 /* Main.storyboard */; };
		43A7E3A9228BD82E00725320 /* Assets.xcassets in Resources */ = {isa = PBXBuildFile; fileRef = 43A7E3A8228BD82E00725320 /* Assets.xcassets */; };
		43A7E3AC228BD82E00725320 /* LaunchScreen.storyboard in Resources */ = {isa = PBXBuildFile; fileRef = 43A7E3AA228BD82E00725320 /* LaunchScreen.storyboard */; };
		43A7E3B7228BD82F00725320 /* object_orientTests.swift in Sources */ = {isa = PBXBuildFile; fileRef = 43A7E3B6228BD82F00725320 /* object_orientTests.swift */; };
		43A7E3C2228BD82F00725320 /* object_orientUITests.swift in Sources */ = {isa = PBXBuildFile; fileRef = 43A7E3C1228BD82F00725320 /* object_orientUITests.swift */; };
		43A7E3D4228BE2AB00725320 /* Electronics.swift in Sources */ = {isa = PBXBuildFile; fileRef = 43A7E3D3228BE2AB00725320 /* Electronics.swift */; };
		43A7E3D6228BE6B300725320 /* ViewController.swift in Sources */ = {isa = PBXBuildFile; fileRef = 43A7E3D5228BE6B300725320 /* ViewController.swift */; };
		43A7E3D8228C09B400725320 /* RoundedButton.swift in Sources */ = {isa = PBXBuildFile; fileRef = 43A7E3D7228C09B400725320 /* RoundedButton.swift */; };
/* End PBXBuildFile section */

/* Begin PBXContainerItemProxy section */
		43A7E3B3228BD82E00725320 /* PBXContainerItemProxy */ = {
			isa = PBXContainerItemProxy;
			containerPortal = 43A7E396228BD82C00725320 /* Project object */;
			proxyType = 1;
			remoteGlobalIDString = 43A7E39D228BD82D00725320;
			remoteInfo = object_orient;
		};
		43A7E3BE228BD82F00725320 /* PBXContainerItemProxy */ = {
			isa = PBXContainerItemProxy;
			containerPortal = 43A7E396228BD82C00725320 /* Project object */;
			proxyType = 1;
			remoteGlobalIDString = 43A7E39D228BD82D00725320;
			remoteInfo = object_orient;
		};
/* End PBXContainerItemProxy section */

/* Begin PBXFileReference section */
		43A7E39E228BD82D00725320 /* object_orient.app */ = {isa = PBXFileReference; explicitFileType = wrapper.application; includeInIndex = 0; path = object_orient.app; sourceTree = BUILT_PRODUCTS_DIR; };
		43A7E3A1228BD82D00725320 /* AppDelegate.swift */ = {isa = PBXFileReference; lastKnownFileType = sourcecode.swift; path = AppDelegate.swift; sourceTree = "<group>"; };
		43A7E3A6228BD82D00725320 /* Base */ = {isa = PBXFileReference; lastKnownFileType = file.storyboard; name = Base; path = Base.lproj/Main.storyboard; sourceTree = "<group>"; };
		43A7E3A8228BD82E00725320 /* Assets.xcassets */ = {isa = PBXFileReference; lastKnownFileType = folder.assetcatalog; path = Assets.xcassets; sourceTree = "<group>"; };
		43A7E3AB228BD82E00725320 /* Base */ = {isa = PBXFileReference; lastKnownFileType = file.storyboard; name = Base; path = Base.lproj/LaunchScreen.storyboard; sourceTree = "<group>"; };
		43A7E3AD228BD82E00725320 /* Info.plist */ = {isa = PBXFileReference; lastKnownFileType = text.plist.xml; path = Info.plist; sourceTree = "<group>"; };
		43A7E3B2228BD82E00725320 /* object_orientTests.xctest */ = {isa = PBXFileReference; explicitFileType = wrapper.cfbundle; includeInIndex = 0; path = object_orientTests.xctest; sourceTree = BUILT_PRODUCTS_DIR; };
		43A7E3B6228BD82F00725320 /* object_orientTests.swift */ = {isa = PBXFileReference; lastKnownFileType = sourcecode.swift; path = object_orientTests.swift; sourceTree = "<group>"; };
		43A7E3B8228BD82F00725320 /* Info.plist */ = {isa = PBXFileReference; lastKnownFileType = text.plist.xml; path = Info.plist; sourceTree = "<group>"; };
		43A7E3BD228BD82F00725320 /* object_orientUITests.xctest */ = {isa = PBXFileReference; explicitFileType = wrapper.cfbundle; includeInIndex = 0; path = object_orientUITests.xctest; sourceTree = BUILT_PRODUCTS_DIR; };
		43A7E3C1228BD82F00725320 /* object_orientUITests.swift */ = {isa = PBXFileReference; lastKnownFileType = sourcecode.swift; path = object_orientUITests.swift; sourceTree = "<group>"; };
		43A7E3C3228BD82F00725320 /* Info.plist */ = {isa = PBXFileReference; lastKnownFileType = text.plist.xml; path = Info.plist; sourceTree = "<group>"; };
		43A7E3D3228BE2AB00725320 /* Electronics.swift */ = {isa = PBXFileReference; lastKnownFileType = sourcecode.swift; path = Electronics.swift; sourceTree = "<group>"; };
		43A7E3D5228BE6B300725320 /* ViewController.swift */ = {isa = PBXFileReference; lastKnownFileType = sourcecode.swift; path = ViewController.swift; sourceTree = "<group>"; };
		43A7E3D7228C09B400725320 /* RoundedButton.swift */ = {isa = PBXFileReference; lastKnownFileType = sourcecode.swift; path = RoundedButton.swift; sourceTree = "<group>"; };
/* End PBXFileReference section */

/* Begin PBXFrameworksBuildPhase section */
		43A7E39B228BD82D00725320 /* Frameworks */ = {
			isa = PBXFrameworksBuildPhase;
			buildActionMask = 2147483647;
			files = (
			);
			runOnlyForDeploymentPostprocessing = 0;
		};
		43A7E3AF228BD82E00725320 /* Frameworks */ = {
			isa = PBXFrameworksBuildPhase;
			buildActionMask = 2147483647;
			files = (
			);
			runOnlyForDeploymentPostprocessing = 0;
		};
		43A7E3BA228BD82F00725320 /* Frameworks */ = {
			isa = PBXFrameworksBuildPhase;
			buildActionMask = 2147483647;
			files = (
			);
			runOnlyForDeploymentPostprocessing = 0;
		};
/* End PBXFrameworksBuildPhase section */

/* Begin PBXGroup section */
		43A7E395228BD82C00725320 = {
			isa = PBXGroup;
			children = (
				43A7E3A0228BD82D00725320 /* object_orient */,
				43A7E3B5228BD82E00725320 /* object_orientTests */,
				43A7E3C0228BD82F00725320 /* object_orientUITests */,
				43A7E39F228BD82D00725320 /* Products */,
			);
			sourceTree = "<group>";
		};
		43A7E39F228BD82D00725320 /* Products */ = {
			isa = PBXGroup;
			children = (
				43A7E39E228BD82D00725320 /* object_orient.app */,
				43A7E3B2228BD82E00725320 /* object_orientTests.xctest */,
				43A7E3BD228BD82F00725320 /* object_orientUITests.xctest */,
			);
			name = Products;
			sourceTree = "<group>";
		};
		43A7E3A0228BD82D00725320 /* object_orient */ = {
			isa = PBXGroup;
			children = (
				43A7E3A1228BD82D00725320 /* AppDelegate.swift */,
				43A7E3D3228BE2AB00725320 /* Electronics.swift */,
				43A7E3A5228BD82D00725320 /* Main.storyboard */,
				43A7E3D7228C09B400725320 /* RoundedButton.swift */,
				43A7E3D5228BE6B300725320 /* ViewController.swift */,
				43A7E3A8228BD82E00725320 /* Assets.xcassets */,
				43A7E3AA228BD82E00725320 /* LaunchScreen.storyboard */,
				43A7E3AD228BD82E00725320 /* Info.plist */,
			);
			path = object_orient;
			sourceTree = "<group>";
		};
		43A7E3B5228BD82E00725320 /* object_orientTests */ = {
			isa = PBXGroup;
			children = (
				43A7E3B6228BD82F00725320 /* object_orientTests.swift */,
				43A7E3B8228BD82F00725320 /* Info.plist */,
			);
			path = object_orientTests;
			sourceTree = "<group>";
		};
		43A7E3C0228BD82F00725320 /* object_orientUITests */ = {
			isa = PBXGroup;
			children = (
				43A7E3C1228BD82F00725320 /* object_orientUITests.swift */,
				43A7E3C3228BD82F00725320 /* Info.plist */,
			);
			path = object_orientUITests;
			sourceTree = "<group>";
		};
/* End PBXGroup section */

/* Begin PBXNativeTarget section */
		43A7E39D228BD82D00725320 /* object_orient */ = {
			isa = PBXNativeTarget;
			buildConfigurationList = 43A7E3C6228BD82F00725320 /* Build configuration list for PBXNativeTarget "object_orient" */;
			buildPhases = (
				43A7E39A228BD82D00725320 /* Sources */,
				43A7E39B228BD82D00725320 /* Frameworks */,
				43A7E39C228BD82D00725320 /* Resources */,
			);
			buildRules = (
			);
			dependencies = (
			);
			name = object_orient;
			productName = object_orient;
			productReference = 43A7E39E228BD82D00725320 /* object_orient.app */;
			productType = "com.apple.product-type.application";
		};
		43A7E3B1228BD82E00725320 /* object_orientTests */ = {
			isa = PBXNativeTarget;
			buildConfigurationList = 43A7E3C9228BD82F00725320 /* Build configuration list for PBXNativeTarget "object_orientTests" */;
			buildPhases = (
				43A7E3AE228BD82E00725320 /* Sources */,
				43A7E3AF228BD82E00725320 /* Frameworks */,
				43A7E3B0228BD82E00725320 /* Resources */,
			);
			buildRules = (
			);
			dependencies = (
				43A7E3B4228BD82E00725320 /* PBXTargetDependency */,
			);
			name = object_orientTests;
			productName = object_orientTests;
			productReference = 43A7E3B2228BD82E00725320 /* object_orientTests.xctest */;
			productType = "com.apple.product-type.bundle.unit-test";
		};
		43A7E3BC228BD82F00725320 /* object_orientUITests */ = {
			isa = PBXNativeTarget;
			buildConfigurationList = 43A7E3CC228BD82F00725320 /* Build configuration list for PBXNativeTarget "object_orientUITests" */;
			buildPhases = (
				43A7E3B9228BD82F00725320 /* Sources */,
				43A7E3BA228BD82F00725320 /* Frameworks */,
				43A7E3BB228BD82F00725320 /* Resources */,
			);
			buildRules = (
			);
			dependencies = (
				43A7E3BF228BD82F00725320 /* PBXTargetDependency */,
			);
			name = object_orientUITests;
			productName = object_orientUITests;
			productReference = 43A7E3BD228BD82F00725320 /* object_orientUITests.xctest */;
			productType = "com.apple.product-type.bundle.ui-testing";
		};
/* End PBXNativeTarget section */

/* Begin PBXProject section */
		43A7E396228BD82C00725320 /* Project object */ = {
			isa = PBXProject;
			attributes = {
				LastSwiftUpdateCheck = 1020;
				LastUpgradeCheck = 1020;
				ORGANIZATIONNAME = "Kevin Abram";
				TargetAttributes = {
					43A7E39D228BD82D00725320 = {
						CreatedOnToolsVersion = 10.2;
					};
					43A7E3B1228BD82E00725320 = {
						CreatedOnToolsVersion = 10.2;
						TestTargetID = 43A7E39D228BD82D00725320;
					};
					43A7E3BC228BD82F00725320 = {
						CreatedOnToolsVersion = 10.2;
						TestTargetID = 43A7E39D228BD82D00725320;
					};
				};
			};
			buildConfigurationList = 43A7E399228BD82C00725320 /* Build configuration list for PBXProject "object_orient" */;
			compatibilityVersion = "Xcode 9.3";
			developmentRegion = en;
			hasScannedForEncodings = 0;
			knownRegions = (
				en,
				Base,
			);
			mainGroup = 43A7E395228BD82C00725320;
			productRefGroup = 43A7E39F228BD82D00725320 /* Products */;
			projectDirPath = "";
			projectRoot = "";
			targets = (
				43A7E39D228BD82D00725320 /* object_orient */,
				43A7E3B1228BD82E00725320 /* object_orientTests */,
				43A7E3BC228BD82F00725320 /* object_orientUITests */,
			);
		};
/* End PBXProject section */

/* Begin PBXResourcesBuildPhase section */
		43A7E39C228BD82D00725320 /* Resources */ = {
			isa = PBXResourcesBuildPhase;
			buildActionMask = 2147483647;
			files = (
				43A7E3AC228BD82E00725320 /* LaunchScreen.storyboard in Resources */,
				43A7E3A9228BD82E00725320 /* Assets.xcassets in Resources */,
				43A7E3A7228BD82D00725320 /* Main.storyboard in Resources */,
			);
			runOnlyForDeploymentPostprocessing = 0;
		};
		43A7E3B0228BD82E00725320 /* Resources */ = {
			isa = PBXResourcesBuildPhase;
			buildActionMask = 2147483647;
			files = (
			);
			runOnlyForDeploymentPostprocessing = 0;
		};
		43A7E3BB228BD82F00725320 /* Resources */ = {
			isa = PBXResourcesBuildPhase;
			buildActionMask = 2147483647;
			files = (
			);
			runOnlyForDeploymentPostprocessing = 0;
		};
/* End PBXResourcesBuildPhase section */

/* Begin PBXSourcesBuildPhase section */
		43A7E39A228BD82D00725320 /* Sources */ = {
			isa = PBXSourcesBuildPhase;
			buildActionMask = 2147483647;
			files = (
				43A7E3D6228BE6B300725320 /* ViewController.swift in Sources */,
				43A7E3A2228BD82D00725320 /* AppDelegate.swift in Sources */,
				43A7E3D4228BE2AB00725320 /* Electronics.swift in Sources */,
				43A7E3D8228C09B400725320 /* RoundedButton.swift in Sources */,
			);
			runOnlyForDeploymentPostprocessing = 0;
		};
		43A7E3AE228BD82E00725320 /* Sources */ = {
			isa = PBXSourcesBuildPhase;
			buildActionMask = 2147483647;
			files = (
				43A7E3B7228BD82F00725320 /* object_orientTests.swift in Sources */,
			);
			runOnlyForDeploymentPostprocessing = 0;
		};
		43A7E3B9228BD82F00725320 /* Sources */ = {
			isa = PBXSourcesBuildPhase;
			buildActionMask = 2147483647;
			files = (
				43A7E3C2228BD82F00725320 /* object_orientUITests.swift in Sources */,
			);
			runOnlyForDeploymentPostprocessing = 0;
		};
/* End PBXSourcesBuildPhase section */

/* Begin PBXTargetDependency section */
		43A7E3B4228BD82E00725320 /* PBXTargetDependency */ = {
			isa = PBXTargetDependency;
			target = 43A7E39D228BD82D00725320 /* object_orient */;
			targetProxy = 43A7E3B3228BD82E00725320 /* PBXContainerItemProxy */;
		};
		43A7E3BF228BD82F00725320 /* PBXTargetDependency */ = {
			isa = PBXTargetDependency;
			target = 43A7E39D228BD82D00725320 /* object_orient */;
			targetProxy = 43A7E3BE228BD82F00725320 /* PBXContainerItemProxy */;
		};
/* End PBXTargetDependency section */

/* Begin PBXVariantGroup section */
		43A7E3A5228BD82D00725320 /* Main.storyboard */ = {
			isa = PBXVariantGroup;
			children = (
				43A7E3A6228BD82D00725320 /* Base */,
			);
			name = Main.storyboard;
			sourceTree = "<group>";
		};
		43A7E3AA228BD82E00725320 /* LaunchScreen.storyboard */ = {
			isa = PBXVariantGroup;
			children = (
				43A7E3AB228BD82E00725320 /* Base */,
			);
			name = LaunchScreen.storyboard;
			sourceTree = "<group>";
		};
/* End PBXVariantGroup section */

/* Begin XCBuildConfiguration section */
		43A7E3C4228BD82F00725320 /* Debug */ = {
			isa = XCBuildConfiguration;
			buildSettings = {
				ALWAYS_SEARCH_USER_PATHS = NO;
				CLANG_ANALYZER_NONNULL = YES;
				CLANG_ANALYZER_NUMBER_OBJECT_CONVERSION = YES_AGGRESSIVE;
				CLANG_CXX_LANGUAGE_STANDARD = "gnu++14";
				CLANG_CXX_LIBRARY = "libc++";
				CLANG_ENABLE_MODULES = YES;
				CLANG_ENABLE_OBJC_ARC = YES;
				CLANG_ENABLE_OBJC_WEAK = YES;
				CLANG_WARN_BLOCK_CAPTURE_AUTORELEASING = YES;
				CLANG_WARN_BOOL_CONVERSION = YES;
				CLANG_WARN_COMMA = YES;
				CLANG_WARN_CONSTANT_CONVERSION = YES;
				CLANG_WARN_DEPRECATED_OBJC_IMPLEMENTATIONS = YES;
				CLANG_WARN_DIRECT_OBJC_ISA_USAGE = YES_ERROR;
				CLANG_WARN_DOCUMENTATION_COMMENTS = YES;
				CLANG_WARN_EMPTY_BODY = YES;
				CLANG_WARN_ENUM_CONVERSION = YES;
				CLANG_WARN_INFINITE_RECURSION = YES;
				CLANG_WARN_INT_CONVERSION = YES;
				CLANG_WARN_NON_LITERAL_NULL_CONVERSION = YES;
				CLANG_WARN_OBJC_IMPLICIT_RETAIN_SELF = YES;
				CLANG_WARN_OBJC_LITERAL_CONVERSION = YES;
				CLANG_WARN_OBJC_ROOT_CLASS = YES_ERROR;
				CLANG_WARN_RANGE_LOOP_ANALYSIS = YES;
				CLANG_WARN_STRICT_PROTOTYPES = YES;
				CLANG_WARN_SUSPICIOUS_MOVE = YES;
				CLANG_WARN_UNGUARDED_AVAILABILITY = YES_AGGRESSIVE;
				CLANG_WARN_UNREACHABLE_CODE = YES;
				CLANG_WARN__DUPLICATE_METHOD_MATCH = YES;
				CODE_SIGN_IDENTITY = "iPhone Developer";
				COPY_PHASE_STRIP = NO;
				DEBUG_INFORMATION_FORMAT = dwarf;
				ENABLE_STRICT_OBJC_MSGSEND = YES;
				ENABLE_TESTABILITY = YES;
				GCC_C_LANGUAGE_STANDARD = gnu11;
				GCC_DYNAMIC_NO_PIC = NO;
				GCC_NO_COMMON_BLOCKS = YES;
				GCC_OPTIMIZATION_LEVEL = 0;
				GCC_PREPROCESSOR_DEFINITIONS = (
					"DEBUG=1",
					"$(inherited)",
				);
				GCC_WARN_64_TO_32_BIT_CONVERSION = YES;
				GCC_WARN_ABOUT_RETURN_TYPE = YES_ERROR;
				GCC_WARN_UNDECLARED_SELECTOR = YES;
				GCC_WARN_UNINITIALIZED_AUTOS = YES_AGGRESSIVE;
				GCC_WARN_UNUSED_FUNCTION = YES;
				GCC_WARN_UNUSED_VARIABLE = YES;
				IPHONEOS_DEPLOYMENT_TARGET = 12.2;
				MTL_ENABLE_DEBUG_INFO = INCLUDE_SOURCE;
				MTL_FAST_MATH = YES;
				ONLY_ACTIVE_ARCH = YES;
				SDKROOT = iphoneos;
				SWIFT_ACTIVE_COMPILATION_CONDITIONS = DEBUG;
				SWIFT_OPTIMIZATION_LEVEL = "-Onone";
			};
			name = Debug;
		};
		43A7E3C5228BD82F00725320 /* Release */ = {
			isa = XCBuildConfiguration;
			buildSettings = {
				ALWAYS_SEARCH_USER_PATHS = NO;
				CLANG_ANALYZER_NONNULL = YES;
				CLANG_ANALYZER_NUMBER_OBJECT_CONVERSION = YES_AGGRESSIVE;
				CLANG_CXX_LANGUAGE_STANDARD = "gnu++14";
				CLANG_CXX_LIBRARY = "libc++";
				CLANG_ENABLE_MODULES = YES;
				CLANG_ENABLE_OBJC_ARC = YES;
				CLANG_ENABLE_OBJC_WEAK = YES;
				CLANG_WARN_BLOCK_CAPTURE_AUTORELEASING = YES;
				CLANG_WARN_BOOL_CONVERSION = YES;
				CLANG_WARN_COMMA = YES;
				CLANG_WARN_CONSTANT_CONVERSION = YES;
				CLANG_WARN_DEPRECATED_OBJC_IMPLEMENTATIONS = YES;
				CLANG_WARN_DIRECT_OBJC_ISA_USAGE = YES_ERROR;
				CLANG_WARN_DOCUMENTATION_COMMENTS = YES;
				CLANG_WARN_EMPTY_BODY = YES;
				CLANG_WARN_ENUM_CONVERSION = YES;
				CLANG_WARN_INFINITE_RECURSION = YES;
				CLANG_WARN_INT_CONVERSION = YES;
				CLANG_WARN_NON_LITERAL_NULL_CONVERSION = YES;
				CLANG_WARN_OBJC_IMPLICIT_RETAIN_SELF = YES;
				CLANG_WARN_OBJC_LITERAL_CONVERSION = YES;
				CLANG_WARN_OBJC_ROOT_CLASS = YES_ERROR;
				CLANG_WARN_RANGE_LOOP_ANALYSIS = YES;
				CLANG_WARN_STRICT_PROTOTYPES = YES;
				CLANG_WARN_SUSPICIOUS_MOVE = YES;
				CLANG_WARN_UNGUARDED_AVAILABILITY = YES_AGGRESSIVE;
				CLANG_WARN_UNREACHABLE_CODE = YES;
				CLANG_WARN__DUPLICATE_METHOD_MATCH = YES;
				CODE_SIGN_IDENTITY = "iPhone Developer";
				COPY_PHASE_STRIP = NO;
				DEBUG_INFORMATION_FORMAT = "dwarf-with-dsym";
				ENABLE_NS_ASSERTIONS = NO;
				ENABLE_STRICT_OBJC_MSGSEND = YES;
				GCC_C_LANGUAGE_STANDARD = gnu11;
				GCC_NO_COMMON_BLOCKS = YES;
				GCC_WARN_64_TO_32_BIT_CONVERSION = YES;
				GCC_WARN_ABOUT_RETURN_TYPE = YES_ERROR;
				GCC_WARN_UNDECLARED_SELECTOR = YES;
				GCC_WARN_UNINITIALIZED_AUTOS = YES_AGGRESSIVE;
				GCC_WARN_UNUSED_FUNCTION = YES;
				GCC_WARN_UNUSED_VARIABLE = YES;
				IPHONEOS_DEPLOYMENT_TARGET = 12.2;
				MTL_ENABLE_DEBUG_INFO = NO;
				MTL_FAST_MATH = YES;
				SDKROOT = iphoneos;
				SWIFT_COMPILATION_MODE = wholemodule;
				SWIFT_OPTIMIZATION_LEVEL = "-O";
				VALIDATE_PRODUCT = YES;
			};
			name = Release;
		};
		43A7E3C7228BD82F00725320 /* Debug */ = {
			isa = XCBuildConfiguration;
			buildSettings = {
				ASSETCATALOG_COMPILER_APPICON_NAME = AppIcon;
				CODE_SIGN_STYLE = Automatic;
				DEVELOPMENT_TEAM = 5H2267G252;
				INFOPLIST_FILE = object_orient/Info.plist;
				LD_RUNPATH_SEARCH_PATHS = (
					"$(inherited)",
					"@executable_path/Frameworks",
				);
				PRODUCT_BUNDLE_IDENTIFIER = "Untitled.object-orient";
				PRODUCT_NAME = "$(TARGET_NAME)";
				SWIFT_VERSION = 5.0;
				TARGETED_DEVICE_FAMILY = "1,2";
			};
			name = Debug;
		};
		43A7E3C8228BD82F00725320 /* Release */ = {
			isa = XCBuildConfiguration;
			buildSettings = {
				ASSETCATALOG_COMPILER_APPICON_NAME = AppIcon;
				CODE_SIGN_STYLE = Automatic;
				DEVELOPMENT_TEAM = 5H2267G252;
				INFOPLIST_FILE = object_orient/Info.plist;
				LD_RUNPATH_SEARCH_PATHS = (
					"$(inherited)",
					"@executable_path/Frameworks",
				);
				PRODUCT_BUNDLE_IDENTIFIER = "Untitled.object-orient";
				PRODUCT_NAME = "$(TARGET_NAME)";
				SWIFT_VERSION = 5.0;
				TARGETED_DEVICE_FAMILY = "1,2";
			};
			name = Release;
		};
		43A7E3CA228BD82F00725320 /* Debug */ = {
			isa = XCBuildConfiguration;
			buildSettings = {
				ALWAYS_EMBED_SWIFT_STANDARD_LIBRARIES = YES;
				BUNDLE_LOADER = "$(TEST_HOST)";
				CODE_SIGN_STYLE = Automatic;
				DEVELOPMENT_TEAM = 5H2267G252;
				INFOPLIST_FILE = object_orientTests/Info.plist;
				LD_RUNPATH_SEARCH_PATHS = (
					"$(inherited)",
					"@executable_path/Frameworks",
					"@loader_path/Frameworks",
				);
				PRODUCT_BUNDLE_IDENTIFIER = "Untitled.object-orientTests";
				PRODUCT_NAME = "$(TARGET_NAME)";
				SWIFT_VERSION = 5.0;
				TARGETED_DEVICE_FAMILY = "1,2";
				TEST_HOST = "$(BUILT_PRODUCTS_DIR)/object_orient.app/object_orient";
			};
			name = Debug;
		};
		43A7E3CB228BD82F00725320 /* Release */ = {
			isa = XCBuildConfiguration;
			buildSettings = {
				ALWAYS_EMBED_SWIFT_STANDARD_LIBRARIES = YES;
				BUNDLE_LOADER = "$(TEST_HOST)";
				CODE_SIGN_STYLE = Automatic;
				DEVELOPMENT_TEAM = 5H2267G252;
				INFOPLIST_FILE = object_orientTests/Info.plist;
				LD_RUNPATH_SEARCH_PATHS = (
					"$(inherited)",
					"@executable_path/Frameworks",
					"@loader_path/Frameworks",
				);
				PRODUCT_BUNDLE_IDENTIFIER = "Untitled.object-orientTests";
				PRODUCT_NAME = "$(TARGET_NAME)";
				SWIFT_VERSION = 5.0;
				TARGETED_DEVICE_FAMILY = "1,2";
				TEST_HOST = "$(BUILT_PRODUCTS_DIR)/object_orient.app/object_orient";
			};
			name = Release;
		};
		43A7E3CD228BD82F00725320 /* Debug */ = {
			isa = XCBuildConfiguration;
			buildSettings = {
				ALWAYS_EMBED_SWIFT_STANDARD_LIBRARIES = YES;
				CODE_SIGN_STYLE = Automatic;
				DEVELOPMENT_TEAM = 5H2267G252;
				INFOPLIST_FILE = object_orientUITests/Info.plist;
				LD_RUNPATH_SEARCH_PATHS = (
					"$(inherited)",
					"@executable_path/Frameworks",
					"@loader_path/Frameworks",
				);
				PRODUCT_BUNDLE_IDENTIFIER = "Untitled.object-orientUITests";
				PRODUCT_NAME = "$(TARGET_NAME)";
				SWIFT_VERSION = 5.0;
				TARGETED_DEVICE_FAMILY = "1,2";
				TEST_TARGET_NAME = object_orient;
			};
			name = Debug;
		};
		43A7E3CE228BD82F00725320 /* Release */ = {
			isa = XCBuildConfiguration;
			buildSettings = {
				ALWAYS_EMBED_SWIFT_STANDARD_LIBRARIES = YES;
				CODE_SIGN_STYLE = Automatic;
				DEVELOPMENT_TEAM = 5H2267G252;
				INFOPLIST_FILE = object_orientUITests/Info.plist;
				LD_RUNPATH_SEARCH_PATHS = (
					"$(inherited)",
					"@executable_path/Frameworks",
					"@loader_path/Frameworks",
				);
				PRODUCT_BUNDLE_IDENTIFIER = "Untitled.object-orientUITests";
				PRODUCT_NAME = "$(TARGET_NAME)";
				SWIFT_VERSION = 5.0;
				TARGETED_DEVICE_FAMILY = "1,2";
				TEST_TARGET_NAME = object_orient;
			};
			name = Release;
		};
/* End XCBuildConfiguration section */

/* Begin XCConfigurationList section */
		43A7E399228BD82C00725320 /* Build configuration list for PBXProject "object_orient" */ = {
			isa = XCConfigurationList;
			buildConfigurations = (
				43A7E3C4228BD82F00725320 /* Debug */,
				43A7E3C5228BD82F00725320 /* Release */,
			);
			defaultConfigurationIsVisible = 0;
			defaultConfigurationName = Release;
		};
		43A7E3C6228BD82F00725320 /* Build configuration list for PBXNativeTarget "object_orient" */ = {
			isa = XCConfigurationList;
			buildConfigurations = (
				43A7E3C7228BD82F00725320 /* Debug */,
				43A7E3C8228BD82F00725320 /* Release */,
			);
			defaultConfigurationIsVisible = 0;
			defaultConfigurationName = Release;
		};
		43A7E3C9228BD82F00725320 /* Build configuration list for PBXNativeTarget "object_orientTests" */ = {
			isa = XCConfigurationList;
			buildConfigurations = (
				43A7E3CA228BD82F00725320 /* Debug */,
				43A7E3CB228BD82F00725320 /* Release */,
			);
			defaultConfigurationIsVisible = 0;
			defaultConfigurationName = Release;
		};
		43A7E3CC228BD82F00725320 /* Build configuration list for PBXNativeTarget "object_orientUITests" */ = {
			isa = XCConfigurationList;
			buildConfigurations = (
				43A7E3CD228BD82F00725320 /* Debug */,
				43A7E3CE228BD82F00725320 /* Release */,
			);
			defaultConfigurationIsVisible = 0;
			defaultConfigurationName = Release;
		};
/* End XCConfigurationList section */
	};
	rootObject = 43A7E396228BD82C00725320 /* Project object */;
}
